
Microsoft Visual Studio Solution File, Format Version 12.00
# Visual Studio Version 16
VisualStudioVersion = 16.0.31624.102
MinimumVisualStudioVersion = 10.0.40219.1
Project("{FAE04EC0-301F-11D3-BF4B-00C04F79EFBC}") = "MethodsAndObjectsAssignment", "MethodsAndObjectsAssignment.csproj", "{104FC5CC-4C50-4F52-8646-00992F2EF7CD}"
EndProject
Global
	GlobalSection(SolutionConfigurationPlatforms) = preSolution
		Debug|Any CPU = Debug|Any CPU
		Release|Any CPU = Release|Any CPU
	EndGlobalSection
	GlobalSection(ProjectConfigurationPlatforms) = postSolution
		{104FC5CC-4C50-4F52-8646-00992F2EF7CD}.Debug|Any CPU.ActiveCfg = Debug|Any CPU
		{104FC5CC-4C50-4F52-8646-00992F2EF7CD}.Debug|Any CPU.Build.0 = Debug|Any CPU
		{104FC5CC-4C50-4F52-8646-00992F2EF7CD}.Release|Any CPU.ActiveCfg = Release|Any CPU
		{104FC5CC-4C50-4F52-8646-00992F2EF7CD}.Release|Any CPU.Build.0 = Release|Any CPU
	EndGlobalSection
	GlobalSection(SolutionProperties) = preSolution
		HideSolutionNode = FALSE
	EndGlobalSection
	GlobalSection(ExtensibilityGlobals) = postSolution
		SolutionGuid = {FAFA657A-E043-40B4-A557-C78890B69E1D}
	EndGlobalSection
EndGlobal
