
Microsoft Visual Studio Solution File, Format Version 12.00
# Visual Studio Version 16
VisualStudioVersion = 16.0.31613.86
MinimumVisualStudioVersion = 10.0.40219.1
Project("{FAE04EC0-301F-11D3-BF4B-00C04F79EFBC}") = "DailyReportAssignment", "DailyReportAssignment.csproj", "{5075B307-DF0E-4E0B-BE66-D59681B4A2F3}"
EndProject
Global
	GlobalSection(SolutionConfigurationPlatforms) = preSolution
		Debug|Any CPU = Debug|Any CPU
		Release|Any CPU = Release|Any CPU
	EndGlobalSection
	GlobalSection(ProjectConfigurationPlatforms) = postSolution
		{5075B307-DF0E-4E0B-BE66-D59681B4A2F3}.Debug|Any CPU.ActiveCfg = Debug|Any CPU
		{5075B307-DF0E-4E0B-BE66-D59681B4A2F3}.Debug|Any CPU.Build.0 = Debug|Any CPU
		{5075B307-DF0E-4E0B-BE66-D59681B4A2F3}.Release|Any CPU.ActiveCfg = Release|Any CPU
		{5075B307-DF0E-4E0B-BE66-D59681B4A2F3}.Release|Any CPU.Build.0 = Release|Any CPU
	EndGlobalSection
	GlobalSection(SolutionProperties) = preSolution
		HideSolutionNode = FALSE
	EndGlobalSection
	GlobalSection(ExtensibilityGlobals) = postSolution
		SolutionGuid = {25B0C5A4-8AE5-4E66-B602-9DFF06D6F324}
	EndGlobalSection
EndGlobal
