
Microsoft Visual Studio Solution File, Format Version 12.00
# Visual Studio Version 16
VisualStudioVersion = 16.0.31624.102
MinimumVisualStudioVersion = 10.0.40219.1
Project("{FAE04EC0-301F-11D3-BF4B-00C04F79EFBC}") = "ParsingEnumsAssignment", "ParsingEnumsAssignment.csproj", "{EA7E8170-05EA-471A-9915-C64736D6E972}"
EndProject
Global
	GlobalSection(SolutionConfigurationPlatforms) = preSolution
		Debug|Any CPU = Debug|Any CPU
		Release|Any CPU = Release|Any CPU
	EndGlobalSection
	GlobalSection(ProjectConfigurationPlatforms) = postSolution
		{EA7E8170-05EA-471A-9915-C64736D6E972}.Debug|Any CPU.ActiveCfg = Debug|Any CPU
		{EA7E8170-05EA-471A-9915-C64736D6E972}.Debug|Any CPU.Build.0 = Debug|Any CPU
		{EA7E8170-05EA-471A-9915-C64736D6E972}.Release|Any CPU.ActiveCfg = Release|Any CPU
		{EA7E8170-05EA-471A-9915-C64736D6E972}.Release|Any CPU.Build.0 = Release|Any CPU
	EndGlobalSection
	GlobalSection(SolutionProperties) = preSolution
		HideSolutionNode = FALSE
	EndGlobalSection
	GlobalSection(ExtensibilityGlobals) = postSolution
		SolutionGuid = {B1792C3A-89E7-4412-A9EB-0711E30A85C7}
	EndGlobalSection
EndGlobal
