
Microsoft Visual Studio Solution File, Format Version 12.00
# Visual Studio Version 16
VisualStudioVersion = 16.0.31613.86
MinimumVisualStudioVersion = 10.0.40219.1
Project("{FAE04EC0-301F-11D3-BF4B-00C04F79EFBC}") = "WhileAndDoWhileAssignment", "WhileAndDoWhileAssignment.csproj", "{692B936E-E47A-4369-9240-E89A1F193D98}"
EndProject
Global
	GlobalSection(SolutionConfigurationPlatforms) = preSolution
		Debug|Any CPU = Debug|Any CPU
		Release|Any CPU = Release|Any CPU
	EndGlobalSection
	GlobalSection(ProjectConfigurationPlatforms) = postSolution
		{692B936E-E47A-4369-9240-E89A1F193D98}.Debug|Any CPU.ActiveCfg = Debug|Any CPU
		{692B936E-E47A-4369-9240-E89A1F193D98}.Debug|Any CPU.Build.0 = Debug|Any CPU
		{692B936E-E47A-4369-9240-E89A1F193D98}.Release|Any CPU.ActiveCfg = Release|Any CPU
		{692B936E-E47A-4369-9240-E89A1F193D98}.Release|Any CPU.Build.0 = Release|Any CPU
	EndGlobalSection
	GlobalSection(SolutionProperties) = preSolution
		HideSolutionNode = FALSE
	EndGlobalSection
	GlobalSection(ExtensibilityGlobals) = postSolution
		SolutionGuid = {97664D39-F274-4589-90EC-A0025211BF50}
	EndGlobalSection
EndGlobal
